
Microsoft Visual Studio Solution File, Format Version 12.00
# Visual Studio Version 16
VisualStudioVersion = 16.0.31727.386
MinimumVisualStudioVersion = 10.0.40219.1
Project("{FAE04EC0-301F-11D3-BF4B-00C04F79EFBC}") = "EntityFrameworkDemo", "EntityFrameworkDemo\EntityFrameworkDemo.csproj", "{ADC657AC-17CF-4CD9-AD5F-EA452F230830}"
EndProject
Project("{FAE04EC0-301F-11D3-BF4B-00C04F79EFBC}") = "Demo", "Demo\Demo.csproj", "{60EC56AE-248E-4FC1-B09C-FD766F24C26E}"
EndProject
Project("{FAE04EC0-301F-11D3-BF4B-00C04F79EFBC}") = "Part8", "Part8\Part8.csproj", "{710CFAB1-A69B-4D8E-BC0C-515E4CD55BA5}"
EndProject
Project("{FAE04EC0-301F-11D3-BF4B-00C04F79EFBC}") = "Part10", "Part10\Part10.csproj", "{E917D9EB-B006-4A4A-BFAF-F1ABD11B7FAC}"
EndProject
Project("{FAE04EC0-301F-11D3-BF4B-00C04F79EFBC}") = "Part11", "Part11\Part11.csproj", "{A81185F6-6034-4723-A883-A6DCA9715D89}"
EndProject
Project("{FAE04EC0-301F-11D3-BF4B-00C04F79EFBC}") = "Part12", "Part12\Part12.csproj", "{1CA7E2F3-0FAF-42D8-8430-7692B36BC584}"
EndProject
Project("{FAE04EC0-301F-11D3-BF4B-00C04F79EFBC}") = "Part13", "Part13\Part13.csproj", "{202F036B-3D3F-4FEF-8E7E-158E931AAC8D}"
EndProject
Project("{FAE04EC0-301F-11D3-BF4B-00C04F79EFBC}") = "Part14", "Part14\Part14.csproj", "{DA721F8E-ADF7-4305-BAFE-F9355B4ADC11}"
EndProject
Project("{FAE04EC0-301F-11D3-BF4B-00C04F79EFBC}") = "Part15", "Part15\Part15.csproj", "{37C97F50-DDDC-40C7-859C-6201DCD7471B}"
EndProject
Project("{FAE04EC0-301F-11D3-BF4B-00C04F79EFBC}") = "Part16", "Part16\Part16.csproj", "{839EFDB7-4C99-4455-BADB-0DD30CC8264C}"
EndProject
Project("{FAE04EC0-301F-11D3-BF4B-00C04F79EFBC}") = "Part17", "Part17\Part17.csproj", "{C4757020-96F7-4A5B-9D95-FAC03E254F9C}"
EndProject
Project("{FAE04EC0-301F-11D3-BF4B-00C04F79EFBC}") = "Part18", "Part18\Part18.csproj", "{27B69D81-3101-456F-B12F-FA639C1C5B9C}"
EndProject
Project("{FAE04EC0-301F-11D3-BF4B-00C04F79EFBC}") = "Part19", "Part19\Part19.csproj", "{499B2A15-779E-4C6C-BB81-5A59746EBED3}"
EndProject
Project("{FAE04EC0-301F-11D3-BF4B-00C04F79EFBC}") = "Part20", "Part20\Part20.csproj", "{A3F08410-B5FE-4087-8218-D1F6423E7DC9}"
EndProject
Project("{FAE04EC0-301F-11D3-BF4B-00C04F79EFBC}") = "Part21", "Part21\Part21.csproj", "{E2933E80-3418-4F31-B29D-A68D386D29F4}"
EndProject
Project("{FAE04EC0-301F-11D3-BF4B-00C04F79EFBC}") = "Part22", "Part22\Part22.csproj", "{26862D53-0C5A-418B-AE7A-7AF2003EA11C}"
EndProject
Project("{FAE04EC0-301F-11D3-BF4B-00C04F79EFBC}") = "Part23", "Part23\Part23.csproj", "{86892EBE-CFDD-43AD-9A82-0433AFCB2B2F}"
EndProject
Project("{FAE04EC0-301F-11D3-BF4B-00C04F79EFBC}") = "Part24", "Part24\Part24.csproj", "{BC440E98-BDCA-4204-896A-C8DE77A8A350}"
EndProject
Project("{FAE04EC0-301F-11D3-BF4B-00C04F79EFBC}") = "Part25", "Part25\Part25.csproj", "{7E361493-93C7-4753-AACD-81A7E1CFCA8C}"
EndProject
Global
	GlobalSection(SolutionConfigurationPlatforms) = preSolution
		Debug|Any CPU = Debug|Any CPU
		Release|Any CPU = Release|Any CPU
	EndGlobalSection
	GlobalSection(ProjectConfigurationPlatforms) = postSolution
		{ADC657AC-17CF-4CD9-AD5F-EA452F230830}.Debug|Any CPU.ActiveCfg = Debug|Any CPU
		{ADC657AC-17CF-4CD9-AD5F-EA452F230830}.Debug|Any CPU.Build.0 = Debug|Any CPU
		{ADC657AC-17CF-4CD9-AD5F-EA452F230830}.Release|Any CPU.ActiveCfg = Release|Any CPU
		{ADC657AC-17CF-4CD9-AD5F-EA452F230830}.Release|Any CPU.Build.0 = Release|Any CPU
		{60EC56AE-248E-4FC1-B09C-FD766F24C26E}.Debug|Any CPU.ActiveCfg = Debug|Any CPU
		{60EC56AE-248E-4FC1-B09C-FD766F24C26E}.Debug|Any CPU.Build.0 = Debug|Any CPU
		{60EC56AE-248E-4FC1-B09C-FD766F24C26E}.Release|Any CPU.ActiveCfg = Release|Any CPU
		{60EC56AE-248E-4FC1-B09C-FD766F24C26E}.Release|Any CPU.Build.0 = Release|Any CPU
		{710CFAB1-A69B-4D8E-BC0C-515E4CD55BA5}.Debug|Any CPU.ActiveCfg = Debug|Any CPU
		{710CFAB1-A69B-4D8E-BC0C-515E4CD55BA5}.Debug|Any CPU.Build.0 = Debug|Any CPU
		{710CFAB1-A69B-4D8E-BC0C-515E4CD55BA5}.Release|Any CPU.ActiveCfg = Release|Any CPU
		{710CFAB1-A69B-4D8E-BC0C-515E4CD55BA5}.Release|Any CPU.Build.0 = Release|Any CPU
		{E917D9EB-B006-4A4A-BFAF-F1ABD11B7FAC}.Debug|Any CPU.ActiveCfg = Debug|Any CPU
		{E917D9EB-B006-4A4A-BFAF-F1ABD11B7FAC}.Debug|Any CPU.Build.0 = Debug|Any CPU
		{E917D9EB-B006-4A4A-BFAF-F1ABD11B7FAC}.Release|Any CPU.ActiveCfg = Release|Any CPU
		{E917D9EB-B006-4A4A-BFAF-F1ABD11B7FAC}.Release|Any CPU.Build.0 = Release|Any CPU
		{A81185F6-6034-4723-A883-A6DCA9715D89}.Debug|Any CPU.ActiveCfg = Debug|Any CPU
		{A81185F6-6034-4723-A883-A6DCA9715D89}.Debug|Any CPU.Build.0 = Debug|Any CPU
		{A81185F6-6034-4723-A883-A6DCA9715D89}.Release|Any CPU.ActiveCfg = Release|Any CPU
		{A81185F6-6034-4723-A883-A6DCA9715D89}.Release|Any CPU.Build.0 = Release|Any CPU
		{1CA7E2F3-0FAF-42D8-8430-7692B36BC584}.Debug|Any CPU.ActiveCfg = Debug|Any CPU
		{1CA7E2F3-0FAF-42D8-8430-7692B36BC584}.Debug|Any CPU.Build.0 = Debug|Any CPU
		{1CA7E2F3-0FAF-42D8-8430-7692B36BC584}.Release|Any CPU.ActiveCfg = Release|Any CPU
		{1CA7E2F3-0FAF-42D8-8430-7692B36BC584}.Release|Any CPU.Build.0 = Release|Any CPU
		{202F036B-3D3F-4FEF-8E7E-158E931AAC8D}.Debug|Any CPU.ActiveCfg = Debug|Any CPU
		{202F036B-3D3F-4FEF-8E7E-158E931AAC8D}.Debug|Any CPU.Build.0 = Debug|Any CPU
		{202F036B-3D3F-4FEF-8E7E-158E931AAC8D}.Release|Any CPU.ActiveCfg = Release|Any CPU
		{202F036B-3D3F-4FEF-8E7E-158E931AAC8D}.Release|Any CPU.Build.0 = Release|Any CPU
		{DA721F8E-ADF7-4305-BAFE-F9355B4ADC11}.Debug|Any CPU.ActiveCfg = Debug|Any CPU
		{DA721F8E-ADF7-4305-BAFE-F9355B4ADC11}.Debug|Any CPU.Build.0 = Debug|Any CPU
		{DA721F8E-ADF7-4305-BAFE-F9355B4ADC11}.Release|Any CPU.ActiveCfg = Release|Any CPU
		{DA721F8E-ADF7-4305-BAFE-F9355B4ADC11}.Release|Any CPU.Build.0 = Release|Any CPU
		{37C97F50-DDDC-40C7-859C-6201DCD7471B}.Debug|Any CPU.ActiveCfg = Debug|Any CPU
		{37C97F50-DDDC-40C7-859C-6201DCD7471B}.Debug|Any CPU.Build.0 = Debug|Any CPU
		{37C97F50-DDDC-40C7-859C-6201DCD7471B}.Release|Any CPU.ActiveCfg = Release|Any CPU
		{37C97F50-DDDC-40C7-859C-6201DCD7471B}.Release|Any CPU.Build.0 = Release|Any CPU
		{839EFDB7-4C99-4455-BADB-0DD30CC8264C}.Debug|Any CPU.ActiveCfg = Debug|Any CPU
		{839EFDB7-4C99-4455-BADB-0DD30CC8264C}.Debug|Any CPU.Build.0 = Debug|Any CPU
		{839EFDB7-4C99-4455-BADB-0DD30CC8264C}.Release|Any CPU.ActiveCfg = Release|Any CPU
		{839EFDB7-4C99-4455-BADB-0DD30CC8264C}.Release|Any CPU.Build.0 = Release|Any CPU
		{C4757020-96F7-4A5B-9D95-FAC03E254F9C}.Debug|Any CPU.ActiveCfg = Debug|Any CPU
		{C4757020-96F7-4A5B-9D95-FAC03E254F9C}.Debug|Any CPU.Build.0 = Debug|Any CPU
		{C4757020-96F7-4A5B-9D95-FAC03E254F9C}.Release|Any CPU.ActiveCfg = Release|Any CPU
		{C4757020-96F7-4A5B-9D95-FAC03E254F9C}.Release|Any CPU.Build.0 = Release|Any CPU
		{27B69D81-3101-456F-B12F-FA639C1C5B9C}.Debug|Any CPU.ActiveCfg = Debug|Any CPU
		{27B69D81-3101-456F-B12F-FA639C1C5B9C}.Debug|Any CPU.Build.0 = Debug|Any CPU
		{27B69D81-3101-456F-B12F-FA639C1C5B9C}.Release|Any CPU.ActiveCfg = Release|Any CPU
		{27B69D81-3101-456F-B12F-FA639C1C5B9C}.Release|Any CPU.Build.0 = Release|Any CPU
		{499B2A15-779E-4C6C-BB81-5A59746EBED3}.Debug|Any CPU.ActiveCfg = Debug|Any CPU
		{499B2A15-779E-4C6C-BB81-5A59746EBED3}.Debug|Any CPU.Build.0 = Debug|Any CPU
		{499B2A15-779E-4C6C-BB81-5A59746EBED3}.Release|Any CPU.ActiveCfg = Release|Any CPU
		{499B2A15-779E-4C6C-BB81-5A59746EBED3}.Release|Any CPU.Build.0 = Release|Any CPU
		{A3F08410-B5FE-4087-8218-D1F6423E7DC9}.Debug|Any CPU.ActiveCfg = Debug|Any CPU
		{A3F08410-B5FE-4087-8218-D1F6423E7DC9}.Debug|Any CPU.Build.0 = Debug|Any CPU
		{A3F08410-B5FE-4087-8218-D1F6423E7DC9}.Release|Any CPU.ActiveCfg = Release|Any CPU
		{A3F08410-B5FE-4087-8218-D1F6423E7DC9}.Release|Any CPU.Build.0 = Release|Any CPU
		{E2933E80-3418-4F31-B29D-A68D386D29F4}.Debug|Any CPU.ActiveCfg = Debug|Any CPU
		{E2933E80-3418-4F31-B29D-A68D386D29F4}.Debug|Any CPU.Build.0 = Debug|Any CPU
		{E2933E80-3418-4F31-B29D-A68D386D29F4}.Release|Any CPU.ActiveCfg = Release|Any CPU
		{E2933E80-3418-4F31-B29D-A68D386D29F4}.Release|Any CPU.Build.0 = Release|Any CPU
		{26862D53-0C5A-418B-AE7A-7AF2003EA11C}.Debug|Any CPU.ActiveCfg = Debug|Any CPU
		{26862D53-0C5A-418B-AE7A-7AF2003EA11C}.Debug|Any CPU.Build.0 = Debug|Any CPU
		{26862D53-0C5A-418B-AE7A-7AF2003EA11C}.Release|Any CPU.ActiveCfg = Release|Any CPU
		{26862D53-0C5A-418B-AE7A-7AF2003EA11C}.Release|Any CPU.Build.0 = Release|Any CPU
		{86892EBE-CFDD-43AD-9A82-0433AFCB2B2F}.Debug|Any CPU.ActiveCfg = Debug|Any CPU
		{86892EBE-CFDD-43AD-9A82-0433AFCB2B2F}.Debug|Any CPU.Build.0 = Debug|Any CPU
		{86892EBE-CFDD-43AD-9A82-0433AFCB2B2F}.Release|Any CPU.ActiveCfg = Release|Any CPU
		{86892EBE-CFDD-43AD-9A82-0433AFCB2B2F}.Release|Any CPU.Build.0 = Release|Any CPU
		{BC440E98-BDCA-4204-896A-C8DE77A8A350}.Debug|Any CPU.ActiveCfg = Debug|Any CPU
		{BC440E98-BDCA-4204-896A-C8DE77A8A350}.Debug|Any CPU.Build.0 = Debug|Any CPU
		{BC440E98-BDCA-4204-896A-C8DE77A8A350}.Release|Any CPU.ActiveCfg = Release|Any CPU
		{BC440E98-BDCA-4204-896A-C8DE77A8A350}.Release|Any CPU.Build.0 = Release|Any CPU
		{7E361493-93C7-4753-AACD-81A7E1CFCA8C}.Debug|Any CPU.ActiveCfg = Debug|Any CPU
		{7E361493-93C7-4753-AACD-81A7E1CFCA8C}.Debug|Any CPU.Build.0 = Debug|Any CPU
		{7E361493-93C7-4753-AACD-81A7E1CFCA8C}.Release|Any CPU.ActiveCfg = Release|Any CPU
		{7E361493-93C7-4753-AACD-81A7E1CFCA8C}.Release|Any CPU.Build.0 = Release|Any CPU
	EndGlobalSection
	GlobalSection(SolutionProperties) = preSolution
		HideSolutionNode = FALSE
	EndGlobalSection
	GlobalSection(ExtensibilityGlobals) = postSolution
		SolutionGuid = {9E02D8C5-E3E8-44D8-8842-AF7B7442B3F5}
	EndGlobalSection
EndGlobal
